
Microsoft Visual Studio Solution File, Format Version 12.00
# Visual Studio 15
VisualStudioVersion = 15.0.27703.2000
MinimumVisualStudioVersion = 10.0.40219.1
Project("{FAE04EC0-301F-11D3-BF4B-00C04F79EFBC}") = "CRM-dentalClinic", "CRM-dentalClinic\CRM-dentalClinic.csproj", "{5CBE4E64-5EEA-4068-9353-831DED0D810B}"
EndProject
Global
	GlobalSection(SolutionConfigurationPlatforms) = preSolution
		Debug|Any CPU = Debug|Any CPU
		Release|Any CPU = Release|Any CPU
	EndGlobalSection
	GlobalSection(ProjectConfigurationPlatforms) = postSolution
		{5CBE4E64-5EEA-4068-9353-831DED0D810B}.Debug|Any CPU.ActiveCfg = Debug|Any CPU
		{5CBE4E64-5EEA-4068-9353-831DED0D810B}.Debug|Any CPU.Build.0 = Debug|Any CPU
		{5CBE4E64-5EEA-4068-9353-831DED0D810B}.Release|Any CPU.ActiveCfg = Release|Any CPU
		{5CBE4E64-5EEA-4068-9353-831DED0D810B}.Release|Any CPU.Build.0 = Release|Any CPU
	EndGlobalSection
	GlobalSection(SolutionProperties) = preSolution
		HideSolutionNode = FALSE
	EndGlobalSection
	GlobalSection(ExtensibilityGlobals) = postSolution
		SolutionGuid = {1EA0CF82-1A60-4922-B293-4EC22790FA42}
	EndGlobalSection
EndGlobal
